// !$*UTF8*$!
{
	archiveVersion = 1;
	classes = {
	};
	objectVersion = 56;
	objects = {

/* Begin PBXBuildFile section */
		2D6CDD8C2A3B14D4007DA5D9 /* ViewModel.swift in Sources */ = {isa = PBXBuildFile; fileRef = 2D6CDD8B2A3B14D4007DA5D9 /* ViewModel.swift */; };
		2D6CDD8E2A3B16A2007DA5D9 /* BaseViewController.swift in Sources */ = {isa = PBXBuildFile; fileRef = 2D6CDD8D2A3B16A2007DA5D9 /* BaseViewController.swift */; };
		2D6CDD902A3B16FD007DA5D9 /* Logger.swift in Sources */ = {isa = PBXBuildFile; fileRef = 2D6CDD8F2A3B16FD007DA5D9 /* Logger.swift */; };
		2D6CDD932A3B17B8007DA5D9 /* Date+.swift in Sources */ = {isa = PBXBuildFile; fileRef = 2D6CDD922A3B17B8007DA5D9 /* Date+.swift */; };
		2D6CDD952A3B18DC007DA5D9 /* NSObject+.swift in Sources */ = {isa = PBXBuildFile; fileRef = 2D6CDD942A3B18DC007DA5D9 /* NSObject+.swift */; };
		2D6CDD992A3B227B007DA5D9 /* LoginViewController.xib in Resources */ = {isa = PBXBuildFile; fileRef = 2D6CDD982A3B227B007DA5D9 /* LoginViewController.xib */; };
		2D6CDD9B2A3C0108007DA5D9 /* Application.swift in Sources */ = {isa = PBXBuildFile; fileRef = 2D6CDD9A2A3C0108007DA5D9 /* Application.swift */; };
		2D6CDDA22A3C0FC8007DA5D9 /* MainViewController.swift in Sources */ = {isa = PBXBuildFile; fileRef = 2D6CDDA02A3C0FC8007DA5D9 /* MainViewController.swift */; };
		2D6CDDA32A3C0FC8007DA5D9 /* MainViewController.xib in Resources */ = {isa = PBXBuildFile; fileRef = 2D6CDDA12A3C0FC8007DA5D9 /* MainViewController.xib */; };
		2D6CDDA52A3C1321007DA5D9 /* XibLoadable.swift in Sources */ = {isa = PBXBuildFile; fileRef = 2D6CDDA42A3C1321007DA5D9 /* XibLoadable.swift */; };
		2D6CDDA92A416245007DA5D9 /* LoginViewModel.swift in Sources */ = {isa = PBXBuildFile; fileRef = 2D6CDDA82A416245007DA5D9 /* LoginViewModel.swift */; };
		2D6CDDAC2A41656D007DA5D9 /* MainViewModel.swift in Sources */ = {isa = PBXBuildFile; fileRef = 2D6CDDAB2A41656D007DA5D9 /* MainViewModel.swift */; };
		2D6CDDAF2A41672D007DA5D9 /* Defaults.swift in Sources */ = {isa = PBXBuildFile; fileRef = 2D6CDDAE2A41672D007DA5D9 /* Defaults.swift */; };
		2D6CDDB12A418451007DA5D9 /* UIViewController+Rx.swift in Sources */ = {isa = PBXBuildFile; fileRef = 2D6CDDB02A418451007DA5D9 /* UIViewController+Rx.swift */; };
		2D6CDDB32A4184FC007DA5D9 /* ObservableType+Ex.swift in Sources */ = {isa = PBXBuildFile; fileRef = 2D6CDDB22A4184FC007DA5D9 /* ObservableType+Ex.swift */; };
		2DB02E752A41933500FD3200 /* RxIndicator.swift in Sources */ = {isa = PBXBuildFile; fileRef = 2DB02E742A41933500FD3200 /* RxIndicator.swift */; };
		2DF785892A3AF91A0080E067 /* AppDelegate.swift in Sources */ = {isa = PBXBuildFile; fileRef = 2DF785882A3AF91A0080E067 /* AppDelegate.swift */; };
		2DF7858B2A3AF91A0080E067 /* SceneDelegate.swift in Sources */ = {isa = PBXBuildFile; fileRef = 2DF7858A2A3AF91A0080E067 /* SceneDelegate.swift */; };
		2DF7858D2A3AF91A0080E067 /* LoginViewController.swift in Sources */ = {isa = PBXBuildFile; fileRef = 2DF7858C2A3AF91A0080E067 /* LoginViewController.swift */; };
		2DF785922A3AF91B0080E067 /* Assets.xcassets in Resources */ = {isa = PBXBuildFile; fileRef = 2DF785912A3AF91B0080E067 /* Assets.xcassets */; };
		2DF785952A3AF91B0080E067 /* LaunchScreen.storyboard in Resources */ = {isa = PBXBuildFile; fileRef = 2DF785932A3AF91B0080E067 /* LaunchScreen.storyboard */; };
		2DF785A02A3AF91B0080E067 /* chat_app_iosTests.swift in Sources */ = {isa = PBXBuildFile; fileRef = 2DF7859F2A3AF91B0080E067 /* chat_app_iosTests.swift */; };
		2DF785AA2A3AF91C0080E067 /* chat_app_iosUITests.swift in Sources */ = {isa = PBXBuildFile; fileRef = 2DF785A92A3AF91C0080E067 /* chat_app_iosUITests.swift */; };
		2DF785AC2A3AF91C0080E067 /* chat_app_iosUITestsLaunchTests.swift in Sources */ = {isa = PBXBuildFile; fileRef = 2DF785AB2A3AF91C0080E067 /* chat_app_iosUITestsLaunchTests.swift */; };
		57CE2BF4936DB6D86074DB34 /* Pods_chat_app_ios.framework in Frameworks */ = {isa = PBXBuildFile; fileRef = 534A97EC26F402C44764CE0F /* Pods_chat_app_ios.framework */; };
		936BC505F4B7AECF679DE139 /* Pods_chat_app_ios_chat_app_iosUITests.framework in Frameworks */ = {isa = PBXBuildFile; fileRef = 4B2B5E042C3B2D789C71DD9B /* Pods_chat_app_ios_chat_app_iosUITests.framework */; };
		9595ABFFD8A3E27F2E05876C /* Pods_chat_app_iosTests.framework in Frameworks */ = {isa = PBXBuildFile; fileRef = C52B4F33F8B2750DC2036942 /* Pods_chat_app_iosTests.framework */; };
/* End PBXBuildFile section */

/* Begin PBXContainerItemProxy section */
		2DF7859C2A3AF91B0080E067 /* PBXContainerItemProxy */ = {
			isa = PBXContainerItemProxy;
			containerPortal = 2DF7857D2A3AF91A0080E067 /* Project object */;
			proxyType = 1;
			remoteGlobalIDString = 2DF785842A3AF91A0080E067;
			remoteInfo = "chat-app-ios";
		};
		2DF785A62A3AF91C0080E067 /* PBXContainerItemProxy */ = {
			isa = PBXContainerItemProxy;
			containerPortal = 2DF7857D2A3AF91A0080E067 /* Project object */;
			proxyType = 1;
			remoteGlobalIDString = 2DF785842A3AF91A0080E067;
			remoteInfo = "chat-app-ios";
		};
/* End PBXContainerItemProxy section */

/* Begin PBXFileReference section */
		2D6CDD8B2A3B14D4007DA5D9 /* ViewModel.swift */ = {isa = PBXFileReference; lastKnownFileType = sourcecode.swift; path = ViewModel.swift; sourceTree = "<group>"; };
		2D6CDD8D2A3B16A2007DA5D9 /* BaseViewController.swift */ = {isa = PBXFileReference; lastKnownFileType = sourcecode.swift; path = BaseViewController.swift; sourceTree = "<group>"; };
		2D6CDD8F2A3B16FD007DA5D9 /* Logger.swift */ = {isa = PBXFileReference; lastKnownFileType = sourcecode.swift; path = Logger.swift; sourceTree = "<group>"; };
		2D6CDD922A3B17B8007DA5D9 /* Date+.swift */ = {isa = PBXFileReference; lastKnownFileType = sourcecode.swift; path = "Date+.swift"; sourceTree = "<group>"; };
		2D6CDD942A3B18DC007DA5D9 /* NSObject+.swift */ = {isa = PBXFileReference; lastKnownFileType = sourcecode.swift; path = "NSObject+.swift"; sourceTree = "<group>"; };
		2D6CDD982A3B227B007DA5D9 /* LoginViewController.xib */ = {isa = PBXFileReference; lastKnownFileType = file.xib; path = LoginViewController.xib; sourceTree = "<group>"; };
		2D6CDD9A2A3C0108007DA5D9 /* Application.swift */ = {isa = PBXFileReference; lastKnownFileType = sourcecode.swift; path = Application.swift; sourceTree = "<group>"; };
		2D6CDDA02A3C0FC8007DA5D9 /* MainViewController.swift */ = {isa = PBXFileReference; lastKnownFileType = sourcecode.swift; path = MainViewController.swift; sourceTree = "<group>"; };
		2D6CDDA12A3C0FC8007DA5D9 /* MainViewController.xib */ = {isa = PBXFileReference; lastKnownFileType = file.xib; path = MainViewController.xib; sourceTree = "<group>"; };
		2D6CDDA42A3C1321007DA5D9 /* XibLoadable.swift */ = {isa = PBXFileReference; lastKnownFileType = sourcecode.swift; path = XibLoadable.swift; sourceTree = "<group>"; };
		2D6CDDA82A416245007DA5D9 /* LoginViewModel.swift */ = {isa = PBXFileReference; lastKnownFileType = sourcecode.swift; path = LoginViewModel.swift; sourceTree = "<group>"; };
		2D6CDDAB2A41656D007DA5D9 /* MainViewModel.swift */ = {isa = PBXFileReference; lastKnownFileType = sourcecode.swift; path = MainViewModel.swift; sourceTree = "<group>"; };
		2D6CDDAE2A41672D007DA5D9 /* Defaults.swift */ = {isa = PBXFileReference; lastKnownFileType = sourcecode.swift; path = Defaults.swift; sourceTree = "<group>"; };
		2D6CDDB02A418451007DA5D9 /* UIViewController+Rx.swift */ = {isa = PBXFileReference; lastKnownFileType = sourcecode.swift; path = "UIViewController+Rx.swift"; sourceTree = "<group>"; };
		2D6CDDB22A4184FC007DA5D9 /* ObservableType+Ex.swift */ = {isa = PBXFileReference; lastKnownFileType = sourcecode.swift; path = "ObservableType+Ex.swift"; sourceTree = "<group>"; };
		2DB02E742A41933500FD3200 /* RxIndicator.swift */ = {isa = PBXFileReference; lastKnownFileType = sourcecode.swift; path = RxIndicator.swift; sourceTree = "<group>"; };
		2DF785852A3AF91A0080E067 /* chat-app-ios.app */ = {isa = PBXFileReference; explicitFileType = wrapper.application; includeInIndex = 0; path = "chat-app-ios.app"; sourceTree = BUILT_PRODUCTS_DIR; };
		2DF785882A3AF91A0080E067 /* AppDelegate.swift */ = {isa = PBXFileReference; lastKnownFileType = sourcecode.swift; path = AppDelegate.swift; sourceTree = "<group>"; };
		2DF7858A2A3AF91A0080E067 /* SceneDelegate.swift */ = {isa = PBXFileReference; lastKnownFileType = sourcecode.swift; path = SceneDelegate.swift; sourceTree = "<group>"; };
		2DF7858C2A3AF91A0080E067 /* LoginViewController.swift */ = {isa = PBXFileReference; lastKnownFileType = sourcecode.swift; path = LoginViewController.swift; sourceTree = "<group>"; };
		2DF785912A3AF91B0080E067 /* Assets.xcassets */ = {isa = PBXFileReference; lastKnownFileType = folder.assetcatalog; path = Assets.xcassets; sourceTree = "<group>"; };
		2DF785942A3AF91B0080E067 /* Base */ = {isa = PBXFileReference; lastKnownFileType = file.storyboard; name = Base; path = Base.lproj/LaunchScreen.storyboard; sourceTree = "<group>"; };
		2DF785962A3AF91B0080E067 /* Info.plist */ = {isa = PBXFileReference; lastKnownFileType = text.plist.xml; path = Info.plist; sourceTree = "<group>"; };
		2DF7859B2A3AF91B0080E067 /* chat-app-iosTests.xctest */ = {isa = PBXFileReference; explicitFileType = wrapper.cfbundle; includeInIndex = 0; path = "chat-app-iosTests.xctest"; sourceTree = BUILT_PRODUCTS_DIR; };
		2DF7859F2A3AF91B0080E067 /* chat_app_iosTests.swift */ = {isa = PBXFileReference; lastKnownFileType = sourcecode.swift; path = chat_app_iosTests.swift; sourceTree = "<group>"; };
		2DF785A52A3AF91C0080E067 /* chat-app-iosUITests.xctest */ = {isa = PBXFileReference; explicitFileType = wrapper.cfbundle; includeInIndex = 0; path = "chat-app-iosUITests.xctest"; sourceTree = BUILT_PRODUCTS_DIR; };
		2DF785A92A3AF91C0080E067 /* chat_app_iosUITests.swift */ = {isa = PBXFileReference; lastKnownFileType = sourcecode.swift; path = chat_app_iosUITests.swift; sourceTree = "<group>"; };
		2DF785AB2A3AF91C0080E067 /* chat_app_iosUITestsLaunchTests.swift */ = {isa = PBXFileReference; lastKnownFileType = sourcecode.swift; path = chat_app_iosUITestsLaunchTests.swift; sourceTree = "<group>"; };
		4B2B5E042C3B2D789C71DD9B /* Pods_chat_app_ios_chat_app_iosUITests.framework */ = {isa = PBXFileReference; explicitFileType = wrapper.framework; includeInIndex = 0; path = Pods_chat_app_ios_chat_app_iosUITests.framework; sourceTree = BUILT_PRODUCTS_DIR; };
		534A97EC26F402C44764CE0F /* Pods_chat_app_ios.framework */ = {isa = PBXFileReference; explicitFileType = wrapper.framework; includeInIndex = 0; path = Pods_chat_app_ios.framework; sourceTree = BUILT_PRODUCTS_DIR; };
		62CF0B33B1632952E6F3AEBE /* Pods-chat-app-ios-chat-app-iosUITests.debug.xcconfig */ = {isa = PBXFileReference; includeInIndex = 1; lastKnownFileType = text.xcconfig; name = "Pods-chat-app-ios-chat-app-iosUITests.debug.xcconfig"; path = "Target Support Files/Pods-chat-app-ios-chat-app-iosUITests/Pods-chat-app-ios-chat-app-iosUITests.debug.xcconfig"; sourceTree = "<group>"; };
		676A013645172042E16ABA6C /* Pods-chat-app-ios.release.xcconfig */ = {isa = PBXFileReference; includeInIndex = 1; lastKnownFileType = text.xcconfig; name = "Pods-chat-app-ios.release.xcconfig"; path = "Target Support Files/Pods-chat-app-ios/Pods-chat-app-ios.release.xcconfig"; sourceTree = "<group>"; };
		8968C318D162C5549F601E16 /* Pods-chat-app-ios.debug.xcconfig */ = {isa = PBXFileReference; includeInIndex = 1; lastKnownFileType = text.xcconfig; name = "Pods-chat-app-ios.debug.xcconfig"; path = "Target Support Files/Pods-chat-app-ios/Pods-chat-app-ios.debug.xcconfig"; sourceTree = "<group>"; };
		8D4CF6606B2226C80D228C1D /* Pods-chat-app-iosTests.release.xcconfig */ = {isa = PBXFileReference; includeInIndex = 1; lastKnownFileType = text.xcconfig; name = "Pods-chat-app-iosTests.release.xcconfig"; path = "Target Support Files/Pods-chat-app-iosTests/Pods-chat-app-iosTests.release.xcconfig"; sourceTree = "<group>"; };
		98242F8B5053E92D5AF1CD81 /* Pods-chat-app-ios-chat-app-iosUITests.release.xcconfig */ = {isa = PBXFileReference; includeInIndex = 1; lastKnownFileType = text.xcconfig; name = "Pods-chat-app-ios-chat-app-iosUITests.release.xcconfig"; path = "Target Support Files/Pods-chat-app-ios-chat-app-iosUITests/Pods-chat-app-ios-chat-app-iosUITests.release.xcconfig"; sourceTree = "<group>"; };
		C52B4F33F8B2750DC2036942 /* Pods_chat_app_iosTests.framework */ = {isa = PBXFileReference; explicitFileType = wrapper.framework; includeInIndex = 0; path = Pods_chat_app_iosTests.framework; sourceTree = BUILT_PRODUCTS_DIR; };
		E70483AA3A6F1F4EAD7C9AB6 /* Pods-chat-app-iosTests.debug.xcconfig */ = {isa = PBXFileReference; includeInIndex = 1; lastKnownFileType = text.xcconfig; name = "Pods-chat-app-iosTests.debug.xcconfig"; path = "Target Support Files/Pods-chat-app-iosTests/Pods-chat-app-iosTests.debug.xcconfig"; sourceTree = "<group>"; };
/* End PBXFileReference section */

/* Begin PBXFrameworksBuildPhase section */
		2DF785822A3AF91A0080E067 /* Frameworks */ = {
			isa = PBXFrameworksBuildPhase;
			buildActionMask = 2147483647;
			files = (
				57CE2BF4936DB6D86074DB34 /* Pods_chat_app_ios.framework in Frameworks */,
			);
			runOnlyForDeploymentPostprocessing = 0;
		};
		2DF785982A3AF91B0080E067 /* Frameworks */ = {
			isa = PBXFrameworksBuildPhase;
			buildActionMask = 2147483647;
			files = (
				9595ABFFD8A3E27F2E05876C /* Pods_chat_app_iosTests.framework in Frameworks */,
			);
			runOnlyForDeploymentPostprocessing = 0;
		};
		2DF785A22A3AF91C0080E067 /* Frameworks */ = {
			isa = PBXFrameworksBuildPhase;
			buildActionMask = 2147483647;
			files = (
				936BC505F4B7AECF679DE139 /* Pods_chat_app_ios_chat_app_iosUITests.framework in Frameworks */,
			);
			runOnlyForDeploymentPostprocessing = 0;
		};
/* End PBXFrameworksBuildPhase section */

/* Begin PBXGroup section */
		1BF7316A6EE465E7E5860FCA /* Pods */ = {
			isa = PBXGroup;
			children = (
				8968C318D162C5549F601E16 /* Pods-chat-app-ios.debug.xcconfig */,
				676A013645172042E16ABA6C /* Pods-chat-app-ios.release.xcconfig */,
				62CF0B33B1632952E6F3AEBE /* Pods-chat-app-ios-chat-app-iosUITests.debug.xcconfig */,
				98242F8B5053E92D5AF1CD81 /* Pods-chat-app-ios-chat-app-iosUITests.release.xcconfig */,
				E70483AA3A6F1F4EAD7C9AB6 /* Pods-chat-app-iosTests.debug.xcconfig */,
				8D4CF6606B2226C80D228C1D /* Pods-chat-app-iosTests.release.xcconfig */,
			);
			path = Pods;
			sourceTree = "<group>";
		};
		2D6CDD7A2A3B0C9A007DA5D9 /* Application */ = {
			isa = PBXGroup;
			children = (
				2DF7858A2A3AF91A0080E067 /* SceneDelegate.swift */,
				2DF785882A3AF91A0080E067 /* AppDelegate.swift */,
				2D6CDD9A2A3C0108007DA5D9 /* Application.swift */,
			);
			path = Application;
			sourceTree = "<group>";
		};
		2D6CDD7B2A3B0CC3007DA5D9 /* Presentation */ = {
			isa = PBXGroup;
			children = (
				2D6CDDA62A3C715F007DA5D9 /* Core */,
				2D6CDD972A3B1C94007DA5D9 /* Login */,
			);
			path = Presentation;
			sourceTree = "<group>";
		};
		2D6CDD7C2A3B0CD1007DA5D9 /* Domain */ = {
			isa = PBXGroup;
			children = (
				2D6CDD892A3B1121007DA5D9 /* UseCases */,
				2D6CDD882A3B1118007DA5D9 /* Entities */,
			);
			path = Domain;
			sourceTree = "<group>";
		};
		2D6CDD7D2A3B0CF1007DA5D9 /* Shared */ = {
			isa = PBXGroup;
			children = (
				2D6CDDAD2A416713007DA5D9 /* Core */,
				2D6CDD912A3B178A007DA5D9 /* Extensions */,
				2D6CDD8A2A3B1481007DA5D9 /* Base */,
			);
			path = Shared;
			sourceTree = "<group>";
		};
		2D6CDD7E2A3B0CFF007DA5D9 /* Resources */ = {
			isa = PBXGroup;
			children = (
				2DF785912A3AF91B0080E067 /* Assets.xcassets */,
			);
			path = Resources;
			sourceTree = "<group>";
		};
		2D6CDD7F2A3B0DCF007DA5D9 /* Data */ = {
			isa = PBXGroup;
			children = (
				2D6CDD812A3B0E24007DA5D9 /* Realm */,
				2D6CDD802A3B0E12007DA5D9 /* Network */,
			);
			path = Data;
			sourceTree = "<group>";
		};
		2D6CDD802A3B0E12007DA5D9 /* Network */ = {
			isa = PBXGroup;
			children = (
				2D6CDD872A3B1092007DA5D9 /* Cache */,
				2D6CDD842A3B0ED3007DA5D9 /* UseCases */,
				2D6CDD832A3B0E9B007DA5D9 /* Entities */,
				2D6CDD822A3B0E91007DA5D9 /* API */,
			);
			path = Network;
			sourceTree = "<group>";
		};
		2D6CDD812A3B0E24007DA5D9 /* Realm */ = {
			isa = PBXGroup;
			children = (
				2D6CDD862A3B0F93007DA5D9 /* UseCases */,
				2D6CDD852A3B0F15007DA5D9 /* Entities */,
			);
			path = Realm;
			sourceTree = "<group>";
		};
		2D6CDD822A3B0E91007DA5D9 /* API */ = {
			isa = PBXGroup;
			children = (
			);
			path = API;
			sourceTree = "<group>";
		};
		2D6CDD832A3B0E9B007DA5D9 /* Entities */ = {
			isa = PBXGroup;
			children = (
			);
			path = Entities;
			sourceTree = "<group>";
		};
		2D6CDD842A3B0ED3007DA5D9 /* UseCases */ = {
			isa = PBXGroup;
			children = (
			);
			path = UseCases;
			sourceTree = "<group>";
		};
		2D6CDD852A3B0F15007DA5D9 /* Entities */ = {
			isa = PBXGroup;
			children = (
			);
			path = Entities;
			sourceTree = "<group>";
		};
		2D6CDD862A3B0F93007DA5D9 /* UseCases */ = {
			isa = PBXGroup;
			children = (
			);
			path = UseCases;
			sourceTree = "<group>";
		};
		2D6CDD872A3B1092007DA5D9 /* Cache */ = {
			isa = PBXGroup;
			children = (
			);
			path = Cache;
			sourceTree = "<group>";
		};
		2D6CDD882A3B1118007DA5D9 /* Entities */ = {
			isa = PBXGroup;
			children = (
			);
			path = Entities;
			sourceTree = "<group>";
		};
		2D6CDD892A3B1121007DA5D9 /* UseCases */ = {
			isa = PBXGroup;
			children = (
			);
			path = UseCases;
			sourceTree = "<group>";
		};
		2D6CDD8A2A3B1481007DA5D9 /* Base */ = {
			isa = PBXGroup;
			children = (
				2D6CDD8B2A3B14D4007DA5D9 /* ViewModel.swift */,
				2D6CDD8D2A3B16A2007DA5D9 /* BaseViewController.swift */,
			);
			path = Base;
			sourceTree = "<group>";
		};
		2D6CDD912A3B178A007DA5D9 /* Extensions */ = {
			isa = PBXGroup;
			children = (
				2D6CDD922A3B17B8007DA5D9 /* Date+.swift */,
				2D6CDD942A3B18DC007DA5D9 /* NSObject+.swift */,
				2D6CDDB02A418451007DA5D9 /* UIViewController+Rx.swift */,
				2D6CDDB22A4184FC007DA5D9 /* ObservableType+Ex.swift */,
			);
			path = Extensions;
			sourceTree = "<group>";
		};
		2D6CDD972A3B1C94007DA5D9 /* Login */ = {
			isa = PBXGroup;
			children = (
				2D6CDDA72A416232007DA5D9 /* ViewModel */,
				2DF7858C2A3AF91A0080E067 /* LoginViewController.swift */,
				2D6CDD982A3B227B007DA5D9 /* LoginViewController.xib */,
			);
			path = Login;
			sourceTree = "<group>";
		};
		2D6CDDA62A3C715F007DA5D9 /* Core */ = {
			isa = PBXGroup;
			children = (
				2D6CDDAA2A416560007DA5D9 /* ViewModel */,
				2D6CDDA02A3C0FC8007DA5D9 /* MainViewController.swift */,
				2D6CDDA12A3C0FC8007DA5D9 /* MainViewController.xib */,
			);
			path = Core;
			sourceTree = "<group>";
		};
		2D6CDDA72A416232007DA5D9 /* ViewModel */ = {
			isa = PBXGroup;
			children = (
				2D6CDDA82A416245007DA5D9 /* LoginViewModel.swift */,
			);
			path = ViewModel;
			sourceTree = "<group>";
		};
		2D6CDDAA2A416560007DA5D9 /* ViewModel */ = {
			isa = PBXGroup;
			children = (
				2D6CDDAB2A41656D007DA5D9 /* MainViewModel.swift */,
			);
			path = ViewModel;
			sourceTree = "<group>";
		};
		2D6CDDAD2A416713007DA5D9 /* Core */ = {
			isa = PBXGroup;
			children = (
				2D6CDD8F2A3B16FD007DA5D9 /* Logger.swift */,
				2D6CDDA42A3C1321007DA5D9 /* XibLoadable.swift */,
				2D6CDDAE2A41672D007DA5D9 /* Defaults.swift */,
				2DB02E742A41933500FD3200 /* RxIndicator.swift */,
			);
			path = Core;
			sourceTree = "<group>";
		};
		2DF7857C2A3AF91A0080E067 = {
			isa = PBXGroup;
			children = (
				2DF785872A3AF91A0080E067 /* chat-app-ios */,
				2DF7859E2A3AF91B0080E067 /* chat-app-iosTests */,
				2DF785A82A3AF91C0080E067 /* chat-app-iosUITests */,
				2DF785862A3AF91A0080E067 /* Products */,
				1BF7316A6EE465E7E5860FCA /* Pods */,
				EB663E1DFACBF496CC1587CC /* Frameworks */,
			);
			sourceTree = "<group>";
		};
		2DF785862A3AF91A0080E067 /* Products */ = {
			isa = PBXGroup;
			children = (
				2DF785852A3AF91A0080E067 /* chat-app-ios.app */,
				2DF7859B2A3AF91B0080E067 /* chat-app-iosTests.xctest */,
				2DF785A52A3AF91C0080E067 /* chat-app-iosUITests.xctest */,
			);
			name = Products;
			sourceTree = "<group>";
		};
		2DF785872A3AF91A0080E067 /* chat-app-ios */ = {
			isa = PBXGroup;
			children = (
				2D6CDD7F2A3B0DCF007DA5D9 /* Data */,
				2D6CDD7C2A3B0CD1007DA5D9 /* Domain */,
				2D6CDD7B2A3B0CC3007DA5D9 /* Presentation */,
				2D6CDD7D2A3B0CF1007DA5D9 /* Shared */,
				2D6CDD7E2A3B0CFF007DA5D9 /* Resources */,
				2D6CDD7A2A3B0C9A007DA5D9 /* Application */,
				2DF785932A3AF91B0080E067 /* LaunchScreen.storyboard */,
				2DF785962A3AF91B0080E067 /* Info.plist */,
			);
			path = "chat-app-ios";
			sourceTree = "<group>";
		};
		2DF7859E2A3AF91B0080E067 /* chat-app-iosTests */ = {
			isa = PBXGroup;
			children = (
				2DF7859F2A3AF91B0080E067 /* chat_app_iosTests.swift */,
			);
			path = "chat-app-iosTests";
			sourceTree = "<group>";
		};
		2DF785A82A3AF91C0080E067 /* chat-app-iosUITests */ = {
			isa = PBXGroup;
			children = (
				2DF785A92A3AF91C0080E067 /* chat_app_iosUITests.swift */,
				2DF785AB2A3AF91C0080E067 /* chat_app_iosUITestsLaunchTests.swift */,
			);
			path = "chat-app-iosUITests";
			sourceTree = "<group>";
		};
		EB663E1DFACBF496CC1587CC /* Frameworks */ = {
			isa = PBXGroup;
			children = (
				534A97EC26F402C44764CE0F /* Pods_chat_app_ios.framework */,
				4B2B5E042C3B2D789C71DD9B /* Pods_chat_app_ios_chat_app_iosUITests.framework */,
				C52B4F33F8B2750DC2036942 /* Pods_chat_app_iosTests.framework */,
			);
			name = Frameworks;
			sourceTree = "<group>";
		};
/* End PBXGroup section */

/* Begin PBXNativeTarget section */
		2DF785842A3AF91A0080E067 /* chat-app-ios */ = {
			isa = PBXNativeTarget;
			buildConfigurationList = 2DF785AF2A3AF91C0080E067 /* Build configuration list for PBXNativeTarget "chat-app-ios" */;
			buildPhases = (
				2EBE4CC1DC4A58218B61B5ED /* [CP] Check Pods Manifest.lock */,
				2DF785812A3AF91A0080E067 /* Sources */,
				2DF785822A3AF91A0080E067 /* Frameworks */,
				2DF785832A3AF91A0080E067 /* Resources */,
				BA215DC50CEC31DDF9CED3AD /* [CP] Embed Pods Frameworks */,
				2DB02E762A4197C100FD3200 /* ShellScript */,
			);
			buildRules = (
			);
			dependencies = (
			);
			name = "chat-app-ios";
			productName = "chat-app-ios";
			productReference = 2DF785852A3AF91A0080E067 /* chat-app-ios.app */;
			productType = "com.apple.product-type.application";
		};
		2DF7859A2A3AF91B0080E067 /* chat-app-iosTests */ = {
			isa = PBXNativeTarget;
			buildConfigurationList = 2DF785B22A3AF91C0080E067 /* Build configuration list for PBXNativeTarget "chat-app-iosTests" */;
			buildPhases = (
				1B185F66EBA07F14E532A4FF /* [CP] Check Pods Manifest.lock */,
				2DF785972A3AF91B0080E067 /* Sources */,
				2DF785982A3AF91B0080E067 /* Frameworks */,
				2DF785992A3AF91B0080E067 /* Resources */,
			);
			buildRules = (
			);
			dependencies = (
				2DF7859D2A3AF91B0080E067 /* PBXTargetDependency */,
			);
			name = "chat-app-iosTests";
			productName = "chat-app-iosTests";
			productReference = 2DF7859B2A3AF91B0080E067 /* chat-app-iosTests.xctest */;
			productType = "com.apple.product-type.bundle.unit-test";
		};
		2DF785A42A3AF91C0080E067 /* chat-app-iosUITests */ = {
			isa = PBXNativeTarget;
			buildConfigurationList = 2DF785B52A3AF91C0080E067 /* Build configuration list for PBXNativeTarget "chat-app-iosUITests" */;
			buildPhases = (
				FA5D240522B8D2B2D5BE58F6 /* [CP] Check Pods Manifest.lock */,
				2DF785A12A3AF91C0080E067 /* Sources */,
				2DF785A22A3AF91C0080E067 /* Frameworks */,
				2DF785A32A3AF91C0080E067 /* Resources */,
				758EFF9120354E4D61DA8EA4 /* [CP] Embed Pods Frameworks */,
			);
			buildRules = (
			);
			dependencies = (
				2DF785A72A3AF91C0080E067 /* PBXTargetDependency */,
			);
			name = "chat-app-iosUITests";
			productName = "chat-app-iosUITests";
			productReference = 2DF785A52A3AF91C0080E067 /* chat-app-iosUITests.xctest */;
			productType = "com.apple.product-type.bundle.ui-testing";
		};
/* End PBXNativeTarget section */

/* Begin PBXProject section */
		2DF7857D2A3AF91A0080E067 /* Project object */ = {
			isa = PBXProject;
			attributes = {
				BuildIndependentTargetsInParallel = 1;
				LastSwiftUpdateCheck = 1430;
				LastUpgradeCheck = 1430;
				TargetAttributes = {
					2DF785842A3AF91A0080E067 = {
						CreatedOnToolsVersion = 14.3;
					};
					2DF7859A2A3AF91B0080E067 = {
						CreatedOnToolsVersion = 14.3;
						TestTargetID = 2DF785842A3AF91A0080E067;
					};
					2DF785A42A3AF91C0080E067 = {
						CreatedOnToolsVersion = 14.3;
						TestTargetID = 2DF785842A3AF91A0080E067;
					};
				};
			};
			buildConfigurationList = 2DF785802A3AF91A0080E067 /* Build configuration list for PBXProject "chat-app-ios" */;
			compatibilityVersion = "Xcode 14.0";
			developmentRegion = en;
			hasScannedForEncodings = 0;
			knownRegions = (
				en,
				Base,
			);
			mainGroup = 2DF7857C2A3AF91A0080E067;
			productRefGroup = 2DF785862A3AF91A0080E067 /* Products */;
			projectDirPath = "";
			projectRoot = "";
			targets = (
				2DF785842A3AF91A0080E067 /* chat-app-ios */,
				2DF7859A2A3AF91B0080E067 /* chat-app-iosTests */,
				2DF785A42A3AF91C0080E067 /* chat-app-iosUITests */,
			);
		};
/* End PBXProject section */

/* Begin PBXResourcesBuildPhase section */
		2DF785832A3AF91A0080E067 /* Resources */ = {
			isa = PBXResourcesBuildPhase;
			buildActionMask = 2147483647;
			files = (
				2DF785952A3AF91B0080E067 /* LaunchScreen.storyboard in Resources */,
				2D6CDDA32A3C0FC8007DA5D9 /* MainViewController.xib in Resources */,
				2DF785922A3AF91B0080E067 /* Assets.xcassets in Resources */,
				2D6CDD992A3B227B007DA5D9 /* LoginViewController.xib in Resources */,
			);
			runOnlyForDeploymentPostprocessing = 0;
		};
		2DF785992A3AF91B0080E067 /* Resources */ = {
			isa = PBXResourcesBuildPhase;
			buildActionMask = 2147483647;
			files = (
			);
			runOnlyForDeploymentPostprocessing = 0;
		};
		2DF785A32A3AF91C0080E067 /* Resources */ = {
			isa = PBXResourcesBuildPhase;
			buildActionMask = 2147483647;
			files = (
			);
			runOnlyForDeploymentPostprocessing = 0;
		};
/* End PBXResourcesBuildPhase section */

/* Begin PBXShellScriptBuildPhase section */
		1B185F66EBA07F14E532A4FF /* [CP] Check Pods Manifest.lock */ = {
			isa = PBXShellScriptBuildPhase;
			buildActionMask = 2147483647;
			files = (
			);
			inputFileListPaths = (
			);
			inputPaths = (
				"${PODS_PODFILE_DIR_PATH}/Podfile.lock",
				"${PODS_ROOT}/Manifest.lock",
			);
			name = "[CP] Check Pods Manifest.lock";
			outputFileListPaths = (
			);
			outputPaths = (
				"$(DERIVED_FILE_DIR)/Pods-chat-app-iosTests-checkManifestLockResult.txt",
			);
			runOnlyForDeploymentPostprocessing = 0;
			shellPath = /bin/sh;
			shellScript = "diff \"${PODS_PODFILE_DIR_PATH}/Podfile.lock\" \"${PODS_ROOT}/Manifest.lock\" > /dev/null\nif [ $? != 0 ] ; then\n    # print error to STDERR\n    echo \"error: The sandbox is not in sync with the Podfile.lock. Run 'pod install' or update your CocoaPods installation.\" >&2\n    exit 1\nfi\n# This output is used by Xcode 'outputs' to avoid re-running this script phase.\necho \"SUCCESS\" > \"${SCRIPT_OUTPUT_FILE_0}\"\n";
			showEnvVarsInLog = 0;
		};
		2DB02E762A4197C100FD3200 /* ShellScript */ = {
			isa = PBXShellScriptBuildPhase;
			buildActionMask = 2147483647;
			files = (
			);
			inputFileListPaths = (
			);
			inputPaths = (
			);
			outputFileListPaths = (
			);
			outputPaths = (
			);
			runOnlyForDeploymentPostprocessing = 0;
			shellPath = /bin/sh;
			shellScript = "if [[ \"$(uname -m)\" == arm64 ]]; then\n    export PATH=\"/opt/homebrew/bin:$PATH\"\nfi\n\nif which swiftlint >/dev/null; then\n  swiftlint\nelse\n  echo \"warning: SwiftLint not installed, download from https://github.com/realm/SwiftLint\"\nfi\n";
		};
		2EBE4CC1DC4A58218B61B5ED /* [CP] Check Pods Manifest.lock */ = {
			isa = PBXShellScriptBuildPhase;
			buildActionMask = 2147483647;
			files = (
			);
			inputFileListPaths = (
			);
			inputPaths = (
				"${PODS_PODFILE_DIR_PATH}/Podfile.lock",
				"${PODS_ROOT}/Manifest.lock",
			);
			name = "[CP] Check Pods Manifest.lock";
			outputFileListPaths = (
			);
			outputPaths = (
				"$(DERIVED_FILE_DIR)/Pods-chat-app-ios-checkManifestLockResult.txt",
			);
			runOnlyForDeploymentPostprocessing = 0;
			shellPath = /bin/sh;
			shellScript = "diff \"${PODS_PODFILE_DIR_PATH}/Podfile.lock\" \"${PODS_ROOT}/Manifest.lock\" > /dev/null\nif [ $? != 0 ] ; then\n    # print error to STDERR\n    echo \"error: The sandbox is not in sync with the Podfile.lock. Run 'pod install' or update your CocoaPods installation.\" >&2\n    exit 1\nfi\n# This output is used by Xcode 'outputs' to avoid re-running this script phase.\necho \"SUCCESS\" > \"${SCRIPT_OUTPUT_FILE_0}\"\n";
			showEnvVarsInLog = 0;
		};
		758EFF9120354E4D61DA8EA4 /* [CP] Embed Pods Frameworks */ = {
			isa = PBXShellScriptBuildPhase;
			buildActionMask = 2147483647;
			files = (
			);
			inputFileListPaths = (
				"${PODS_ROOT}/Target Support Files/Pods-chat-app-ios-chat-app-iosUITests/Pods-chat-app-ios-chat-app-iosUITests-frameworks-${CONFIGURATION}-input-files.xcfilelist",
			);
			name = "[CP] Embed Pods Frameworks";
			outputFileListPaths = (
				"${PODS_ROOT}/Target Support Files/Pods-chat-app-ios-chat-app-iosUITests/Pods-chat-app-ios-chat-app-iosUITests-frameworks-${CONFIGURATION}-output-files.xcfilelist",
			);
			runOnlyForDeploymentPostprocessing = 0;
			shellPath = /bin/sh;
			shellScript = "\"${PODS_ROOT}/Target Support Files/Pods-chat-app-ios-chat-app-iosUITests/Pods-chat-app-ios-chat-app-iosUITests-frameworks.sh\"\n";
			showEnvVarsInLog = 0;
		};
		BA215DC50CEC31DDF9CED3AD /* [CP] Embed Pods Frameworks */ = {
			isa = PBXShellScriptBuildPhase;
			buildActionMask = 2147483647;
			files = (
			);
			inputFileListPaths = (
				"${PODS_ROOT}/Target Support Files/Pods-chat-app-ios/Pods-chat-app-ios-frameworks-${CONFIGURATION}-input-files.xcfilelist",
			);
			name = "[CP] Embed Pods Frameworks";
			outputFileListPaths = (
				"${PODS_ROOT}/Target Support Files/Pods-chat-app-ios/Pods-chat-app-ios-frameworks-${CONFIGURATION}-output-files.xcfilelist",
			);
			runOnlyForDeploymentPostprocessing = 0;
			shellPath = /bin/sh;
			shellScript = "\"${PODS_ROOT}/Target Support Files/Pods-chat-app-ios/Pods-chat-app-ios-frameworks.sh\"\n";
			showEnvVarsInLog = 0;
		};
		FA5D240522B8D2B2D5BE58F6 /* [CP] Check Pods Manifest.lock */ = {
			isa = PBXShellScriptBuildPhase;
			buildActionMask = 2147483647;
			files = (
			);
			inputFileListPaths = (
			);
			inputPaths = (
				"${PODS_PODFILE_DIR_PATH}/Podfile.lock",
				"${PODS_ROOT}/Manifest.lock",
			);
			name = "[CP] Check Pods Manifest.lock";
			outputFileListPaths = (
			);
			outputPaths = (
				"$(DERIVED_FILE_DIR)/Pods-chat-app-ios-chat-app-iosUITests-checkManifestLockResult.txt",
			);
			runOnlyForDeploymentPostprocessing = 0;
			shellPath = /bin/sh;
			shellScript = "diff \"${PODS_PODFILE_DIR_PATH}/Podfile.lock\" \"${PODS_ROOT}/Manifest.lock\" > /dev/null\nif [ $? != 0 ] ; then\n    # print error to STDERR\n    echo \"error: The sandbox is not in sync with the Podfile.lock. Run 'pod install' or update your CocoaPods installation.\" >&2\n    exit 1\nfi\n# This output is used by Xcode 'outputs' to avoid re-running this script phase.\necho \"SUCCESS\" > \"${SCRIPT_OUTPUT_FILE_0}\"\n";
			showEnvVarsInLog = 0;
		};
/* End PBXShellScriptBuildPhase section */

/* Begin PBXSourcesBuildPhase section */
		2DF785812A3AF91A0080E067 /* Sources */ = {
			isa = PBXSourcesBuildPhase;
			buildActionMask = 2147483647;
			files = (
				2D6CDD9B2A3C0108007DA5D9 /* Application.swift in Sources */,
				2DB02E752A41933500FD3200 /* RxIndicator.swift in Sources */,
				2D6CDD932A3B17B8007DA5D9 /* Date+.swift in Sources */,
				2D6CDDA52A3C1321007DA5D9 /* XibLoadable.swift in Sources */,
				2D6CDDA22A3C0FC8007DA5D9 /* MainViewController.swift in Sources */,
				2D6CDD8E2A3B16A2007DA5D9 /* BaseViewController.swift in Sources */,
				2D6CDDB12A418451007DA5D9 /* UIViewController+Rx.swift in Sources */,
				2D6CDD902A3B16FD007DA5D9 /* Logger.swift in Sources */,
				2D6CDDAC2A41656D007DA5D9 /* MainViewModel.swift in Sources */,
				2DF7858D2A3AF91A0080E067 /* LoginViewController.swift in Sources */,
				2D6CDDA92A416245007DA5D9 /* LoginViewModel.swift in Sources */,
				2D6CDDB32A4184FC007DA5D9 /* ObservableType+Ex.swift in Sources */,
				2DF785892A3AF91A0080E067 /* AppDelegate.swift in Sources */,
				2D6CDD952A3B18DC007DA5D9 /* NSObject+.swift in Sources */,
				2D6CDDAF2A41672D007DA5D9 /* Defaults.swift in Sources */,
				2D6CDD8C2A3B14D4007DA5D9 /* ViewModel.swift in Sources */,
				2DF7858B2A3AF91A0080E067 /* SceneDelegate.swift in Sources */,
			);
			runOnlyForDeploymentPostprocessing = 0;
		};
		2DF785972A3AF91B0080E067 /* Sources */ = {
			isa = PBXSourcesBuildPhase;
			buildActionMask = 2147483647;
			files = (
				2DF785A02A3AF91B0080E067 /* chat_app_iosTests.swift in Sources */,
			);
			runOnlyForDeploymentPostprocessing = 0;
		};
		2DF785A12A3AF91C0080E067 /* Sources */ = {
			isa = PBXSourcesBuildPhase;
			buildActionMask = 2147483647;
			files = (
				2DF785AC2A3AF91C0080E067 /* chat_app_iosUITestsLaunchTests.swift in Sources */,
				2DF785AA2A3AF91C0080E067 /* chat_app_iosUITests.swift in Sources */,
			);
			runOnlyForDeploymentPostprocessing = 0;
		};
/* End PBXSourcesBuildPhase section */

/* Begin PBXTargetDependency section */
		2DF7859D2A3AF91B0080E067 /* PBXTargetDependency */ = {
			isa = PBXTargetDependency;
			target = 2DF785842A3AF91A0080E067 /* chat-app-ios */;
			targetProxy = 2DF7859C2A3AF91B0080E067 /* PBXContainerItemProxy */;
		};
		2DF785A72A3AF91C0080E067 /* PBXTargetDependency */ = {
			isa = PBXTargetDependency;
			target = 2DF785842A3AF91A0080E067 /* chat-app-ios */;
			targetProxy = 2DF785A62A3AF91C0080E067 /* PBXContainerItemProxy */;
		};
/* End PBXTargetDependency section */

/* Begin PBXVariantGroup section */
		2DF785932A3AF91B0080E067 /* LaunchScreen.storyboard */ = {
			isa = PBXVariantGroup;
			children = (
				2DF785942A3AF91B0080E067 /* Base */,
			);
			name = LaunchScreen.storyboard;
			sourceTree = "<group>";
		};
/* End PBXVariantGroup section */

/* Begin XCBuildConfiguration section */
		2DF785AD2A3AF91C0080E067 /* Debug */ = {
			isa = XCBuildConfiguration;
			buildSettings = {
				ALWAYS_SEARCH_USER_PATHS = NO;
				CLANG_ANALYZER_NONNULL = YES;
				CLANG_ANALYZER_NUMBER_OBJECT_CONVERSION = YES_AGGRESSIVE;
				CLANG_CXX_LANGUAGE_STANDARD = "gnu++20";
				CLANG_ENABLE_MODULES = YES;
				CLANG_ENABLE_OBJC_ARC = YES;
				CLANG_ENABLE_OBJC_WEAK = YES;
				CLANG_WARN_BLOCK_CAPTURE_AUTORELEASING = YES;
				CLANG_WARN_BOOL_CONVERSION = YES;
				CLANG_WARN_COMMA = YES;
				CLANG_WARN_CONSTANT_CONVERSION = YES;
				CLANG_WARN_DEPRECATED_OBJC_IMPLEMENTATIONS = YES;
				CLANG_WARN_DIRECT_OBJC_ISA_USAGE = YES_ERROR;
				CLANG_WARN_DOCUMENTATION_COMMENTS = YES;
				CLANG_WARN_EMPTY_BODY = YES;
				CLANG_WARN_ENUM_CONVERSION = YES;
				CLANG_WARN_INFINITE_RECURSION = YES;
				CLANG_WARN_INT_CONVERSION = YES;
				CLANG_WARN_NON_LITERAL_NULL_CONVERSION = YES;
				CLANG_WARN_OBJC_IMPLICIT_RETAIN_SELF = YES;
				CLANG_WARN_OBJC_LITERAL_CONVERSION = YES;
				CLANG_WARN_OBJC_ROOT_CLASS = YES_ERROR;
				CLANG_WARN_QUOTED_INCLUDE_IN_FRAMEWORK_HEADER = YES;
				CLANG_WARN_RANGE_LOOP_ANALYSIS = YES;
				CLANG_WARN_STRICT_PROTOTYPES = YES;
				CLANG_WARN_SUSPICIOUS_MOVE = YES;
				CLANG_WARN_UNGUARDED_AVAILABILITY = YES_AGGRESSIVE;
				CLANG_WARN_UNREACHABLE_CODE = YES;
				CLANG_WARN__DUPLICATE_METHOD_MATCH = YES;
				COPY_PHASE_STRIP = NO;
				DEBUG_INFORMATION_FORMAT = dwarf;
				ENABLE_STRICT_OBJC_MSGSEND = YES;
				ENABLE_TESTABILITY = YES;
				GCC_C_LANGUAGE_STANDARD = gnu11;
				GCC_DYNAMIC_NO_PIC = NO;
				GCC_NO_COMMON_BLOCKS = YES;
				GCC_OPTIMIZATION_LEVEL = 0;
				GCC_PREPROCESSOR_DEFINITIONS = (
					"DEBUG=1",
					"$(inherited)",
				);
				GCC_WARN_64_TO_32_BIT_CONVERSION = YES;
				GCC_WARN_ABOUT_RETURN_TYPE = YES_ERROR;
				GCC_WARN_UNDECLARED_SELECTOR = YES;
				GCC_WARN_UNINITIALIZED_AUTOS = YES_AGGRESSIVE;
				GCC_WARN_UNUSED_FUNCTION = YES;
				GCC_WARN_UNUSED_VARIABLE = YES;
				IPHONEOS_DEPLOYMENT_TARGET = 16.0;
				MTL_ENABLE_DEBUG_INFO = INCLUDE_SOURCE;
				MTL_FAST_MATH = YES;
				ONLY_ACTIVE_ARCH = YES;
				SDKROOT = iphoneos;
				SWIFT_ACTIVE_COMPILATION_CONDITIONS = DEBUG;
				SWIFT_OPTIMIZATION_LEVEL = "-Onone";
			};
			name = Debug;
		};
		2DF785AE2A3AF91C0080E067 /* Release */ = {
			isa = XCBuildConfiguration;
			buildSettings = {
				ALWAYS_SEARCH_USER_PATHS = NO;
				CLANG_ANALYZER_NONNULL = YES;
				CLANG_ANALYZER_NUMBER_OBJECT_CONVERSION = YES_AGGRESSIVE;
				CLANG_CXX_LANGUAGE_STANDARD = "gnu++20";
				CLANG_ENABLE_MODULES = YES;
				CLANG_ENABLE_OBJC_ARC = YES;
				CLANG_ENABLE_OBJC_WEAK = YES;
				CLANG_WARN_BLOCK_CAPTURE_AUTORELEASING = YES;
				CLANG_WARN_BOOL_CONVERSION = YES;
				CLANG_WARN_COMMA = YES;
				CLANG_WARN_CONSTANT_CONVERSION = YES;
				CLANG_WARN_DEPRECATED_OBJC_IMPLEMENTATIONS = YES;
				CLANG_WARN_DIRECT_OBJC_ISA_USAGE = YES_ERROR;
				CLANG_WARN_DOCUMENTATION_COMMENTS = YES;
				CLANG_WARN_EMPTY_BODY = YES;
				CLANG_WARN_ENUM_CONVERSION = YES;
				CLANG_WARN_INFINITE_RECURSION = YES;
				CLANG_WARN_INT_CONVERSION = YES;
				CLANG_WARN_NON_LITERAL_NULL_CONVERSION = YES;
				CLANG_WARN_OBJC_IMPLICIT_RETAIN_SELF = YES;
				CLANG_WARN_OBJC_LITERAL_CONVERSION = YES;
				CLANG_WARN_OBJC_ROOT_CLASS = YES_ERROR;
				CLANG_WARN_QUOTED_INCLUDE_IN_FRAMEWORK_HEADER = YES;
				CLANG_WARN_RANGE_LOOP_ANALYSIS = YES;
				CLANG_WARN_STRICT_PROTOTYPES = YES;
				CLANG_WARN_SUSPICIOUS_MOVE = YES;
				CLANG_WARN_UNGUARDED_AVAILABILITY = YES_AGGRESSIVE;
				CLANG_WARN_UNREACHABLE_CODE = YES;
				CLANG_WARN__DUPLICATE_METHOD_MATCH = YES;
				COPY_PHASE_STRIP = NO;
				DEBUG_INFORMATION_FORMAT = "dwarf-with-dsym";
				ENABLE_NS_ASSERTIONS = NO;
				ENABLE_STRICT_OBJC_MSGSEND = YES;
				GCC_C_LANGUAGE_STANDARD = gnu11;
				GCC_NO_COMMON_BLOCKS = YES;
				GCC_WARN_64_TO_32_BIT_CONVERSION = YES;
				GCC_WARN_ABOUT_RETURN_TYPE = YES_ERROR;
				GCC_WARN_UNDECLARED_SELECTOR = YES;
				GCC_WARN_UNINITIALIZED_AUTOS = YES_AGGRESSIVE;
				GCC_WARN_UNUSED_FUNCTION = YES;
				GCC_WARN_UNUSED_VARIABLE = YES;
				IPHONEOS_DEPLOYMENT_TARGET = 16.0;
				MTL_ENABLE_DEBUG_INFO = NO;
				MTL_FAST_MATH = YES;
				SDKROOT = iphoneos;
				SWIFT_COMPILATION_MODE = wholemodule;
				SWIFT_OPTIMIZATION_LEVEL = "-O";
				VALIDATE_PRODUCT = YES;
			};
			name = Release;
		};
		2DF785B02A3AF91C0080E067 /* Debug */ = {
			isa = XCBuildConfiguration;
			baseConfigurationReference = 8968C318D162C5549F601E16 /* Pods-chat-app-ios.debug.xcconfig */;
			buildSettings = {
				ASSETCATALOG_COMPILER_APPICON_NAME = AppIcon;
				ASSETCATALOG_COMPILER_GLOBAL_ACCENT_COLOR_NAME = AccentColor;
				CODE_SIGN_STYLE = Automatic;
				CURRENT_PROJECT_VERSION = 1;
				DEVELOPMENT_TEAM = LFKPMBHSSG;
				GENERATE_INFOPLIST_FILE = YES;
				INFOPLIST_FILE = "chat-app-ios/Info.plist";
				INFOPLIST_KEY_UIApplicationSupportsIndirectInputEvents = YES;
				INFOPLIST_KEY_UILaunchStoryboardName = LaunchScreen.storyboard;
				INFOPLIST_KEY_UISupportedInterfaceOrientations_iPad = "UIInterfaceOrientationPortrait UIInterfaceOrientationPortraitUpsideDown UIInterfaceOrientationLandscapeLeft UIInterfaceOrientationLandscapeRight";
				INFOPLIST_KEY_UISupportedInterfaceOrientations_iPhone = "UIInterfaceOrientationPortrait UIInterfaceOrientationLandscapeLeft UIInterfaceOrientationLandscapeRight";
				IPHONEOS_DEPLOYMENT_TARGET = 16;
				LD_RUNPATH_SEARCH_PATHS = (
					"$(inherited)",
					"@executable_path/Frameworks",
				);
				MARKETING_VERSION = 1.0;
				PRODUCT_BUNDLE_IDENTIFIER = "com.huypham.chat-ios";
				PRODUCT_NAME = "$(TARGET_NAME)";
				SWIFT_EMIT_LOC_STRINGS = YES;
				SWIFT_VERSION = 5.0;
				TARGETED_DEVICE_FAMILY = "1,2";
			};
			name = Debug;
		};
		2DF785B12A3AF91C0080E067 /* Release */ = {
			isa = XCBuildConfiguration;
			baseConfigurationReference = 676A013645172042E16ABA6C /* Pods-chat-app-ios.release.xcconfig */;
			buildSettings = {
				ASSETCATALOG_COMPILER_APPICON_NAME = AppIcon;
				ASSETCATALOG_COMPILER_GLOBAL_ACCENT_COLOR_NAME = AccentColor;
				CODE_SIGN_STYLE = Automatic;
				CURRENT_PROJECT_VERSION = 1;
				DEVELOPMENT_TEAM = LFKPMBHSSG;
				GENERATE_INFOPLIST_FILE = YES;
				INFOPLIST_FILE = "chat-app-ios/Info.plist";
				INFOPLIST_KEY_UIApplicationSupportsIndirectInputEvents = YES;
				INFOPLIST_KEY_UILaunchStoryboardName = LaunchScreen.storyboard;
				INFOPLIST_KEY_UISupportedInterfaceOrientations_iPad = "UIInterfaceOrientationPortrait UIInterfaceOrientationPortraitUpsideDown UIInterfaceOrientationLandscapeLeft UIInterfaceOrientationLandscapeRight";
				INFOPLIST_KEY_UISupportedInterfaceOrientations_iPhone = "UIInterfaceOrientationPortrait UIInterfaceOrientationLandscapeLeft UIInterfaceOrientationLandscapeRight";
				IPHONEOS_DEPLOYMENT_TARGET = 16;
				LD_RUNPATH_SEARCH_PATHS = (
					"$(inherited)",
					"@executable_path/Frameworks",
				);
				MARKETING_VERSION = 1.0;
				PRODUCT_BUNDLE_IDENTIFIER = "com.huypham.chat-ios";
				PRODUCT_NAME = "$(TARGET_NAME)";
				SWIFT_EMIT_LOC_STRINGS = YES;
				SWIFT_VERSION = 5.0;
				TARGETED_DEVICE_FAMILY = "1,2";
			};
			name = Release;
		};
		2DF785B32A3AF91C0080E067 /* Debug */ = {
			isa = XCBuildConfiguration;
			baseConfigurationReference = E70483AA3A6F1F4EAD7C9AB6 /* Pods-chat-app-iosTests.debug.xcconfig */;
			buildSettings = {
				ALWAYS_EMBED_SWIFT_STANDARD_LIBRARIES = YES;
				BUNDLE_LOADER = "$(TEST_HOST)";
				CODE_SIGN_STYLE = Automatic;
				CURRENT_PROJECT_VERSION = 1;
				DEVELOPMENT_TEAM = Y5B5973D5W;
				GENERATE_INFOPLIST_FILE = YES;
				IPHONEOS_DEPLOYMENT_TARGET = 16.4;
				MARKETING_VERSION = 1.0;
				PRODUCT_BUNDLE_IDENTIFIER = "com.huypham.chat-app-iosTests";
				PRODUCT_NAME = "$(TARGET_NAME)";
				SWIFT_EMIT_LOC_STRINGS = NO;
				SWIFT_VERSION = 5.0;
				TARGETED_DEVICE_FAMILY = "1,2";
				TEST_HOST = "$(BUILT_PRODUCTS_DIR)/chat-app-ios.app/$(BUNDLE_EXECUTABLE_FOLDER_PATH)/chat-app-ios";
			};
			name = Debug;
		};
		2DF785B42A3AF91C0080E067 /* Release */ = {
			isa = XCBuildConfiguration;
			baseConfigurationReference = 8D4CF6606B2226C80D228C1D /* Pods-chat-app-iosTests.release.xcconfig */;
			buildSettings = {
				ALWAYS_EMBED_SWIFT_STANDARD_LIBRARIES = YES;
				BUNDLE_LOADER = "$(TEST_HOST)";
				CODE_SIGN_STYLE = Automatic;
				CURRENT_PROJECT_VERSION = 1;
				DEVELOPMENT_TEAM = Y5B5973D5W;
				GENERATE_INFOPLIST_FILE = YES;
				IPHONEOS_DEPLOYMENT_TARGET = 16.4;
				MARKETING_VERSION = 1.0;
				PRODUCT_BUNDLE_IDENTIFIER = "com.huypham.chat-app-iosTests";
				PRODUCT_NAME = "$(TARGET_NAME)";
				SWIFT_EMIT_LOC_STRINGS = NO;
				SWIFT_VERSION = 5.0;
				TARGETED_DEVICE_FAMILY = "1,2";
				TEST_HOST = "$(BUILT_PRODUCTS_DIR)/chat-app-ios.app/$(BUNDLE_EXECUTABLE_FOLDER_PATH)/chat-app-ios";
			};
			name = Release;
		};
		2DF785B62A3AF91C0080E067 /* Debug */ = {
			isa = XCBuildConfiguration;
			baseConfigurationReference = 62CF0B33B1632952E6F3AEBE /* Pods-chat-app-ios-chat-app-iosUITests.debug.xcconfig */;
			buildSettings = {
				ALWAYS_EMBED_SWIFT_STANDARD_LIBRARIES = YES;
				CODE_SIGN_STYLE = Automatic;
				CURRENT_PROJECT_VERSION = 1;
				DEVELOPMENT_TEAM = Y5B5973D5W;
				GENERATE_INFOPLIST_FILE = YES;
				MARKETING_VERSION = 1.0;
				PRODUCT_BUNDLE_IDENTIFIER = "com.huypham.chat-app-iosUITests";
				PRODUCT_NAME = "$(TARGET_NAME)";
				SWIFT_EMIT_LOC_STRINGS = NO;
				SWIFT_VERSION = 5.0;
				TARGETED_DEVICE_FAMILY = "1,2";
				TEST_TARGET_NAME = "chat-app-ios";
			};
			name = Debug;
		};
		2DF785B72A3AF91C0080E067 /* Release */ = {
			isa = XCBuildConfiguration;
			baseConfigurationReference = 98242F8B5053E92D5AF1CD81 /* Pods-chat-app-ios-chat-app-iosUITests.release.xcconfig */;
			buildSettings = {
				ALWAYS_EMBED_SWIFT_STANDARD_LIBRARIES = YES;
				CODE_SIGN_STYLE = Automatic;
				CURRENT_PROJECT_VERSION = 1;
				DEVELOPMENT_TEAM = Y5B5973D5W;
				GENERATE_INFOPLIST_FILE = YES;
				MARKETING_VERSION = 1.0;
				PRODUCT_BUNDLE_IDENTIFIER = "com.huypham.chat-app-iosUITests";
				PRODUCT_NAME = "$(TARGET_NAME)";
				SWIFT_EMIT_LOC_STRINGS = NO;
				SWIFT_VERSION = 5.0;
				TARGETED_DEVICE_FAMILY = "1,2";
				TEST_TARGET_NAME = "chat-app-ios";
			};
			name = Release;
		};
/* End XCBuildConfiguration section */

/* Begin XCConfigurationList section */
		2DF785802A3AF91A0080E067 /* Build configuration list for PBXProject "chat-app-ios" */ = {
			isa = XCConfigurationList;
			buildConfigurations = (
				2DF785AD2A3AF91C0080E067 /* Debug */,
				2DF785AE2A3AF91C0080E067 /* Release */,
			);
			defaultConfigurationIsVisible = 0;
			defaultConfigurationName = Release;
		};
		2DF785AF2A3AF91C0080E067 /* Build configuration list for PBXNativeTarget "chat-app-ios" */ = {
			isa = XCConfigurationList;
			buildConfigurations = (
				2DF785B02A3AF91C0080E067 /* Debug */,
				2DF785B12A3AF91C0080E067 /* Release */,
			);
			defaultConfigurationIsVisible = 0;
			defaultConfigurationName = Release;
		};
		2DF785B22A3AF91C0080E067 /* Build configuration list for PBXNativeTarget "chat-app-iosTests" */ = {
			isa = XCConfigurationList;
			buildConfigurations = (
				2DF785B32A3AF91C0080E067 /* Debug */,
				2DF785B42A3AF91C0080E067 /* Release */,
			);
			defaultConfigurationIsVisible = 0;
			defaultConfigurationName = Release;
		};
		2DF785B52A3AF91C0080E067 /* Build configuration list for PBXNativeTarget "chat-app-iosUITests" */ = {
			isa = XCConfigurationList;
			buildConfigurations = (
				2DF785B62A3AF91C0080E067 /* Debug */,
				2DF785B72A3AF91C0080E067 /* Release */,
			);
			defaultConfigurationIsVisible = 0;
			defaultConfigurationName = Release;
		};
/* End XCConfigurationList section */
	};
	rootObject = 2DF7857D2A3AF91A0080E067 /* Project object */;
}
